<?xml version="1.0" encoding="utf-8"?>
<Project ToolsVersion="4.0" xmlns="http://schemas.microsoft.com/developer/msbuild/2003">
  <ItemGroup>
    <Filter Include="소스 파일">
      <UniqueIdentifier>{4FC737F1-C7A5-4376-A066-2A32D752A2FF}</UniqueIdentifier>
      <Extensions>cpp;c;cc;cxx;def;odl;idl;hpj;bat;asm;asmx</Extensions>
    </Filter>
    <Filter Include="헤더 파일">
      <UniqueIdentifier>{93995380-89BD-4b04-88EB-625FBE52EBFB}</UniqueIdentifier>
      <Extensions>h;hh;hpp;hxx;hm;inl;inc;ipp;xsd</Extensions>
    </Filter>
    <Filter Include="리소스 파일">
      <UniqueIdentifier>{67DA6AB6-F800-4c08-8B7A-83BB121AAD01}</UniqueIdentifier>
      <Extensions>rc;ico;cur;bmp;dlg;rc2;rct;bin;rgs;gif;jpg;jpeg;jpe;resx;tiff;tif;png;wav;mfcribbon-ms</Extensions>
    </Filter>
    <Filter Include="소스 파일\객체,클래스">
      <UniqueIdentifier>{36fd2cc5-5dbb-48c3-840b-29dc202dc032}</UniqueIdentifier>
    </Filter>
    <Filter Include="소스 파일\동적할당">
      <UniqueIdentifier>{a3cbfade-de90-4d81-a5d4-9148354d4adb}</UniqueIdentifier>
    </Filter>
    <Filter Include="소스 파일\기초문법">
      <UniqueIdentifier>{85495f79-06fb-41e8-a6b8-6fdff2ab8746}</UniqueIdentifier>
    </Filter>
    <Filter Include="소스 파일\연산자">
      <UniqueIdentifier>{4f155797-3767-4205-930a-3557f921564d}</UniqueIdentifier>
    </Filter>
    <Filter Include="소스 파일\상속">
      <UniqueIdentifier>{5d003b0c-7413-403c-ae4b-b49187c95f2e}</UniqueIdentifier>
    </Filter>
  </ItemGroup>
  <ItemGroup>
    <ClCompile Include="객체,클래스\calendar.cpp">
      <Filter>소스 파일\객체,클래스</Filter>
    </ClCompile>
    <ClCompile Include="객체,클래스\class.cpp">
      <Filter>소스 파일\객체,클래스</Filter>
    </ClCompile>
    <ClCompile Include="객체,클래스\Date.cpp">
      <Filter>소스 파일\객체,클래스</Filter>
    </ClCompile>
    <ClCompile Include="객체,클래스\Date_Constructor.cpp">
      <Filter>소스 파일\객체,클래스</Filter>
    </ClCompile>
    <ClCompile Include="객체,클래스\destructor_test.cpp">
      <Filter>소스 파일\객체,클래스</Filter>
    </ClCompile>
    <ClCompile Include="객체,클래스\explicit.cpp">
      <Filter>소스 파일\객체,클래스</Filter>
    </ClCompile>
    <ClCompile Include="객체,클래스\marine.cpp">
      <Filter>소스 파일\객체,클래스</Filter>
    </ClCompile>
    <ClCompile Include="객체,클래스\mutable.cpp">
      <Filter>소스 파일\객체,클래스</Filter>
    </ClCompile>
    <ClCompile Include="객체,클래스\overloading1.cpp">
      <Filter>소스 파일\객체,클래스</Filter>
    </ClCompile>
    <ClCompile Include="객체,클래스\overloading2.cpp">
      <Filter>소스 파일\객체,클래스</Filter>
    </ClCompile>
    <ClCompile Include="객체,클래스\overloading3.cpp">
      <Filter>소스 파일\객체,클래스</Filter>
    </ClCompile>
    <ClCompile Include="객체,클래스\photon_cannon.cpp">
      <Filter>소스 파일\객체,클래스</Filter>
    </ClCompile>
    <ClCompile Include="객체,클래스\Point.cpp">
      <Filter>소스 파일\객체,클래스</Filter>
    </ClCompile>
    <ClCompile Include="객체,클래스\string_class_quest.cpp">
      <Filter>소스 파일\객체,클래스</Filter>
    </ClCompile>
    <ClCompile Include="객체,클래스\string_quest.cpp">
      <Filter>소스 파일\객체,클래스</Filter>
    </ClCompile>
    <ClCompile Include="기초문법\reference_return_function.cpp">
      <Filter>소스 파일\기초문법</Filter>
    </ClCompile>
    <ClCompile Include="기초문법\switch.cpp">
      <Filter>소스 파일\기초문법</Filter>
    </ClCompile>
    <ClCompile Include="동적할당\Animal.cpp">
      <Filter>소스 파일\동적할당</Filter>
    </ClCompile>
    <ClCompile Include="연산자\Complex.cpp">
      <Filter>소스 파일\연산자</Filter>
    </ClCompile>
    <ClCompile Include="연산자\intWrapper.cpp">
      <Filter>소스 파일\연산자</Filter>
    </ClCompile>
    <ClCompile Include="연산자\Matrix_2D.cpp">
      <Filter>소스 파일\연산자</Filter>
    </ClCompile>
    <ClCompile Include="연산자\Matrix_nD.cpp">
      <Filter>소스 파일\연산자</Filter>
    </ClCompile>
    <ClCompile Include="연산자\MyString2.cpp">
      <Filter>소스 파일\연산자</Filter>
    </ClCompile>
    <ClCompile Include="연산자\plusplus.cpp">
      <Filter>소스 파일\연산자</Filter>
    </ClCompile>
    <ClCompile Include="상속, 가상함수\base_inheritance.cpp">
      <Filter>소스 파일</Filter>
    </ClCompile>
    <ClCompile Include="상속, 가상함수\Employee.cpp">
      <Filter>소스 파일\상속</Filter>
    </ClCompile>
    <ClCompile Include="상속, 가상함수\string.cpp">
      <Filter>소스 파일\상속</Filter>
    </ClCompile>
    <ClCompile Include="상속, 가상함수\Parent.cpp">
      <Filter>소스 파일</Filter>
    </ClCompile>
    <ClCompile Include="상속, 가상함수\reference_virtual.cpp">
      <Filter>소스 파일</Filter>
    </ClCompile>
    <ClCompile Include="상속, 가상함수\pure_virtual_func.cpp">
      <Filter>소스 파일</Filter>
    </ClCompile>
    <ClCompile Include="상속, 가상함수\mutiple_inheritance.cpp">
      <Filter>소스 파일</Filter>
    </ClCompile>
    <ClCompile Include="입출력\cin_test.cpp">
      <Filter>소스 파일</Filter>
    </ClCompile>
    <ClCompile Include="입출력\format_flag.cpp">
      <Filter>소스 파일</Filter>
    </ClCompile>
    <ClCompile Include="입출력\manipulator.cpp">
      <Filter>소스 파일</Filter>
    </ClCompile>
    <ClCompile Include="입출력\streambuf.cpp">
      <Filter>소스 파일</Filter>
    </ClCompile>
    <ClCompile Include="입출력\fstream_test.cpp">
      <Filter>소스 파일</Filter>
    </ClCompile>
    <ClCompile Include="입출력\fstream_binary.cpp">
      <Filter>소스 파일</Filter>
    </ClCompile>
    <ClCompile Include="입출력\fstream_whole_file.cpp">
      <Filter>소스 파일</Filter>
    </ClCompile>
    <ClCompile Include="입출력\fstream_getline.cpp">
      <Filter>소스 파일</Filter>
    </ClCompile>
    <ClCompile Include="입출력\ofstream__test.cpp">
      <Filter>소스 파일</Filter>
    </ClCompile>
    <ClCompile Include="입출력\ofstream_ate-app.cpp">
      <Filter>소스 파일</Filter>
    </ClCompile>
    <ClCompile Include="입출력\ofstream_overloading.cpp">
      <Filter>소스 파일</Filter>
    </ClCompile>
    <ClCompile Include="입출력\stringstream.cpp">
      <Filter>소스 파일</Filter>
    </ClCompile>
    <ClCompile Include="엑셀\MyExcel.cpp">
      <Filter>소스 파일</Filter>
    </ClCompile>
    <ClCompile Include="템플릿\template_first.cpp">
      <Filter>소스 파일</Filter>
    </ClCompile>
    <ClCompile Include="템플릿\function_template.cpp">
      <Filter>소스 파일</Filter>
    </ClCompile>
    <ClCompile Include="템플릿\function_object-functor.cpp">
      <Filter>소스 파일</Filter>
    </ClCompile>
    <ClCompile Include="템플릿\non-type_template.cpp">
      <Filter>소스 파일</Filter>
    </ClCompile>
    <ClCompile Include="템플릿\default_template.cpp">
      <Filter>소스 파일</Filter>
    </ClCompile>
    <ClCompile Include="템플릿\variadic_template.cpp">
      <Filter>소스 파일</Filter>
    </ClCompile>
    <ClCompile Include="템플릿\string_concat.cpp">
      <Filter>소스 파일</Filter>
    </ClCompile>
    <ClCompile Include="템플릿\sizeof_template.cpp">
      <Filter>소스 파일</Filter>
    </ClCompile>
    <ClCompile Include="템플릿\sizeof_template_fold_expression.cpp">
      <Filter>소스 파일</Filter>
    </ClCompile>
    <ClCompile Include="템플릿\do_something_template.cpp">
      <Filter>소스 파일</Filter>
    </ClCompile>
    <ClCompile Include="STL\Sequence\deque\stl_deque.cpp">
      <Filter>소스 파일</Filter>
    </ClCompile>
    <ClCompile Include="STL\Sequence\list\stl_list.cpp">
      <Filter>소스 파일</Filter>
    </ClCompile>
    <ClCompile Include="STL\Sequence\list\stl_print_list.cpp">
      <Filter>소스 파일</Filter>
    </ClCompile>
    <ClCompile Include="STL\Sequence\vector\stl_const_iterator.cpp">
      <Filter>소스 파일</Filter>
    </ClCompile>
    <ClCompile Include="STL\Sequence\vector\stl_iterator.cpp">
      <Filter>소스 파일</Filter>
    </ClCompile>
    <ClCompile Include="STL\Sequence\vector\stl_range_for_loop.cpp">
      <Filter>소스 파일</Filter>
    </ClCompile>
    <ClCompile Include="STL\Sequence\vector\stl_reverse_iterator.cpp">
      <Filter>소스 파일</Filter>
    </ClCompile>
    <ClCompile Include="STL\Sequence\vector\stl_vector.cpp">
      <Filter>소스 파일</Filter>
    </ClCompile>
    <ClCompile Include="STL\Associative\set\stl_set.cpp">
      <Filter>소스 파일</Filter>
    </ClCompile>
    <ClCompile Include="STL\Associative\set\stl_set_class.cpp">
      <Filter>소스 파일</Filter>
    </ClCompile>
    <ClCompile Include="STL\Associative\set\stl_set_compare_class.cpp">
      <Filter>소스 파일</Filter>
    </ClCompile>
    <ClCompile Include="프로그래머스\스택,큐\다리를 지나는 트럭.cpp">
      <Filter>소스 파일</Filter>
    </ClCompile>
    <ClCompile Include="프로그래머스\스택,큐\탑.cpp">
      <Filter>소스 파일</Filter>
    </ClCompile>
    <ClCompile Include="프로그래머스\스택,큐\기능개발.cpp">
      <Filter>소스 파일</Filter>
    </ClCompile>
    <ClCompile Include="프로그래머스\스택,큐\프린터.cpp">
      <Filter>소스 파일</Filter>
    </ClCompile>
    <ClCompile Include="프로그래머스\스택,큐\쇠막대기.cpp">
      <Filter>소스 파일</Filter>
    </ClCompile>
    <ClCompile Include="프로그래머스\스택,큐\주식가격%28미해결%29.cpp">
      <Filter>소스 파일</Filter>
    </ClCompile>
    <ClCompile Include="프로그래머스\정렬\K번째수.cpp">
      <Filter>소스 파일</Filter>
    </ClCompile>
    <ClCompile Include="프로그래머스\정렬\가장큰수.cpp">
      <Filter>소스 파일</Filter>
    </ClCompile>
    <ClCompile Include="프로그래머스\정렬\H-Index.cpp">
      <Filter>소스 파일</Filter>
    </ClCompile>
    <ClCompile Include="프로그래머스\완전탐색\모의고사.cpp">
      <Filter>소스 파일</Filter>
    </ClCompile>
    <ClCompile Include="프로그래머스\완전탐색\소수 찾기.cpp">
      <Filter>소스 파일</Filter>
    </ClCompile>
    <ClCompile Include="알고리즘챌린지\단지번호붙이기.cpp">
      <Filter>소스 파일</Filter>
    </ClCompile>
    <ClCompile Include="알고리즘챌린지\책페이지.cpp">
      <Filter>소스 파일</Filter>
    </ClCompile>
    <ClCompile Include="알고리즘챌린지\N-Queen.cpp">
      <Filter>소스 파일</Filter>
    </ClCompile>
    <ClCompile Include="알고리즘챌린지\연산자 끼워넣기.cpp">
      <Filter>소스 파일</Filter>
    </ClCompile>
    <ClCompile Include="알고리즘챌린지\스타트와 링크.cpp">
      <Filter>소스 파일</Filter>
    </ClCompile>
    <ClCompile Include="알고리즘챌린지\가운데를 말해요.cpp">
      <Filter>소스 파일</Filter>
    </ClCompile>
    <ClCompile Include="알고리즘챌린지\트리의 순회.cpp">
      <Filter>소스 파일</Filter>
    </ClCompile>
    <ClCompile Include="알고리즘챌린지\순열의 순서.cpp">
      <Filter>소스 파일</Filter>
    </ClCompile>
  </ItemGroup>
  <ItemGroup>
    <Text Include="test.txt" />
    <Text Include="other.txt" />
    <Text Include="test2.txt" />
  </ItemGroup>
</Project>